
Microsoft Visual Studio Solution File, Format Version 12.00
Project("{FAE04EC0-301F-11D3-BF4B-00C04F79EFBC}") = "image-compression", "image-compression\image-compression.csproj", "{383B4033-DAD1-4658-9BC5-F336D8B5D70A}"
EndProject
Global
	GlobalSection(SolutionConfigurationPlatforms) = preSolution
		Debug|Any CPU = Debug|Any CPU
		Release|Any CPU = Release|Any CPU
	EndGlobalSection
	GlobalSection(ProjectConfigurationPlatforms) = postSolution
		{383B4033-DAD1-4658-9BC5-F336D8B5D70A}.Debug|Any CPU.ActiveCfg = Debug|Any CPU
		{383B4033-DAD1-4658-9BC5-F336D8B5D70A}.Debug|Any CPU.Build.0 = Debug|Any CPU
		{383B4033-DAD1-4658-9BC5-F336D8B5D70A}.Release|Any CPU.ActiveCfg = Release|Any CPU
		{383B4033-DAD1-4658-9BC5-F336D8B5D70A}.Release|Any CPU.Build.0 = Release|Any CPU
	EndGlobalSection
EndGlobal
